
Microsoft Visual Studio Solution File, Format Version 12.00
# Visual Studio Version 17
VisualStudioVersion = 17.3.32922.545
MinimumVisualStudioVersion = 10.0.40219.1
Project("{9A19103F-16F7-4668-BE54-9A1E7A4F7556}") = "ProjectClass1_Zoo", "ProjectClass1_Zoo\ProjectClass1_Zoo.csproj", "{BE503233-9F0D-469D-B758-EBFB7FE43BD1}"
EndProject
Project("{FAE04EC0-301F-11D3-BF4B-00C04F79EFBC}") = "ProjectClass1_Zoo.Test", "ProjectClass1_Zoo.Test\ProjectClass1_Zoo.Test.csproj", "{C0474412-AAD1-42CA-8AF8-523D98C3CD1B}"
EndProject
Global
	GlobalSection(SolutionConfigurationPlatforms) = preSolution
		Debug|Any CPU = Debug|Any CPU
		Release|Any CPU = Release|Any CPU
	EndGlobalSection
	GlobalSection(ProjectConfigurationPlatforms) = postSolution
		{BE503233-9F0D-469D-B758-EBFB7FE43BD1}.Debug|Any CPU.ActiveCfg = Debug|Any CPU
		{BE503233-9F0D-469D-B758-EBFB7FE43BD1}.Debug|Any CPU.Build.0 = Debug|Any CPU
		{BE503233-9F0D-469D-B758-EBFB7FE43BD1}.Release|Any CPU.ActiveCfg = Release|Any CPU
		{BE503233-9F0D-469D-B758-EBFB7FE43BD1}.Release|Any CPU.Build.0 = Release|Any CPU
		{C0474412-AAD1-42CA-8AF8-523D98C3CD1B}.Debug|Any CPU.ActiveCfg = Debug|Any CPU
		{C0474412-AAD1-42CA-8AF8-523D98C3CD1B}.Debug|Any CPU.Build.0 = Debug|Any CPU
		{C0474412-AAD1-42CA-8AF8-523D98C3CD1B}.Release|Any CPU.ActiveCfg = Release|Any CPU
		{C0474412-AAD1-42CA-8AF8-523D98C3CD1B}.Release|Any CPU.Build.0 = Release|Any CPU
	EndGlobalSection
	GlobalSection(SolutionProperties) = preSolution
		HideSolutionNode = FALSE
	EndGlobalSection
	GlobalSection(ExtensibilityGlobals) = postSolution
		SolutionGuid = {5B4CB482-0ADC-41BE-8E06-91C00F04B3F8}
	EndGlobalSection
EndGlobal
